
Microsoft Visual Studio Solution File, Format Version 12.00
# Visual Studio 15
VisualStudioVersion = 15.0.27703.2042
MinimumVisualStudioVersion = 10.0.40219.1
Project("{FAE04EC0-301F-11D3-BF4B-00C04F79EFBC}") = "CityInfo", "CityInfo\CityInfo.csproj", "{C923DB83-6377-43FC-964F-D1803E9A17AA}"
EndProject
Global
	GlobalSection(SolutionConfigurationPlatforms) = preSolution
		Debug|Any CPU = Debug|Any CPU
		Release|Any CPU = Release|Any CPU
	EndGlobalSection
	GlobalSection(ProjectConfigurationPlatforms) = postSolution
		{C923DB83-6377-43FC-964F-D1803E9A17AA}.Debug|Any CPU.ActiveCfg = Debug|Any CPU
		{C923DB83-6377-43FC-964F-D1803E9A17AA}.Debug|Any CPU.Build.0 = Debug|Any CPU
		{C923DB83-6377-43FC-964F-D1803E9A17AA}.Release|Any CPU.ActiveCfg = Release|Any CPU
		{C923DB83-6377-43FC-964F-D1803E9A17AA}.Release|Any CPU.Build.0 = Release|Any CPU
	EndGlobalSection
	GlobalSection(SolutionProperties) = preSolution
		HideSolutionNode = FALSE
	EndGlobalSection
	GlobalSection(ExtensibilityGlobals) = postSolution
		SolutionGuid = {256A39C0-D7CD-47DC-A887-BDB2C6DE1E6E}
	EndGlobalSection
EndGlobal
